
Microsoft Visual Studio Solution File, Format Version 12.00
Project("{FAE04EC0-301F-11D3-BF4B-00C04F79EFBC}") = "OnScreenKeyboardExample", "OnScreenKeyboardExample\OnScreenKeyboardExample.csproj", "{64029177-8B4E-461C-9DAE-EEDD16786D31}"
EndProject
Global
	GlobalSection(SolutionConfigurationPlatforms) = preSolution
		Debug|Any CPU = Debug|Any CPU
		Release|Any CPU = Release|Any CPU
	EndGlobalSection
	GlobalSection(ProjectConfigurationPlatforms) = postSolution
		{64029177-8B4E-461C-9DAE-EEDD16786D31}.Debug|Any CPU.ActiveCfg = Debug|Any CPU
		{64029177-8B4E-461C-9DAE-EEDD16786D31}.Debug|Any CPU.Build.0 = Debug|Any CPU
		{64029177-8B4E-461C-9DAE-EEDD16786D31}.Release|Any CPU.ActiveCfg = Release|Any CPU
		{64029177-8B4E-461C-9DAE-EEDD16786D31}.Release|Any CPU.Build.0 = Release|Any CPU
	EndGlobalSection
EndGlobal
